
Microsoft Visual Studio Solution File, Format Version 12.00
# Visual Studio 16
Project("{FAE04EC0-301F-11D3-BF4B-00C04F79EFBC}") = "Assembly-CSharp", "Assembly-CSharp.csproj", "{F7AC9FC3-EA06-7D6E-EE5A-1CDD62C7BBEA}"
EndProject
Project("{FAE04EC0-301F-11D3-BF4B-00C04F79EFBC}") = "Assembly-CSharp-Editor", "Assembly-CSharp-Editor.csproj", "{A63BFB09-7762-9EE5-5317-1762EF71B178}"
EndProject
Global
	GlobalSection(SolutionConfigurationPlatforms) = preSolution
		Debug|Any CPU = Debug|Any CPU
		Release|Any CPU = Release|Any CPU
	EndGlobalSection
	GlobalSection(ProjectConfigurationPlatforms) = postSolution
		{F7AC9FC3-EA06-7D6E-EE5A-1CDD62C7BBEA}.Debug|Any CPU.ActiveCfg = Debug|Any CPU
		{F7AC9FC3-EA06-7D6E-EE5A-1CDD62C7BBEA}.Debug|Any CPU.Build.0 = Debug|Any CPU
		{F7AC9FC3-EA06-7D6E-EE5A-1CDD62C7BBEA}.Release|Any CPU.ActiveCfg = Release|Any CPU
		{F7AC9FC3-EA06-7D6E-EE5A-1CDD62C7BBEA}.Release|Any CPU.Build.0 = Release|Any CPU
		{A63BFB09-7762-9EE5-5317-1762EF71B178}.Debug|Any CPU.ActiveCfg = Debug|Any CPU
		{A63BFB09-7762-9EE5-5317-1762EF71B178}.Debug|Any CPU.Build.0 = Debug|Any CPU
		{A63BFB09-7762-9EE5-5317-1762EF71B178}.Release|Any CPU.ActiveCfg = Release|Any CPU
		{A63BFB09-7762-9EE5-5317-1762EF71B178}.Release|Any CPU.Build.0 = Release|Any CPU
	EndGlobalSection
	GlobalSection(SolutionProperties) = preSolution
		HideSolutionNode = FALSE
	EndGlobalSection
EndGlobal
